
Microsoft Visual Studio Solution File, Format Version 12.00
# Visual Studio 14
VisualStudioVersion = 14.0.24720.0
MinimumVisualStudioVersion = 10.0.40219.1
Project("{2150E333-8FDC-42A3-9474-1A3956D46DE8}") = "Solution Items", "Solution Items", "{AE9D4FB6-DFEE-4E4B-8FE6-59F0311746D6}"
	ProjectSection(SolutionItems) = preProject
		code_matlab\exitCortex.m = code_matlab\exitCortex.m
		code_matlab\getPosition.m = code_matlab\getPosition.m
		code_matlab\getPositionCortex.m = code_matlab\getPositionCortex.m
		code_matlab\openCortex.m = code_matlab\openCortex.m
		ReadMe.md = ReadMe.md
		code_matlab\testLego1.m = code_matlab\testLego1.m
		code_matlab\testLego2.m = code_matlab\testLego2.m
		code_matlab\testLego3.m = code_matlab\testLego3.m
	EndProjectSection
EndProject
Project("{8BC9CEB8-8B4A-11D0-8D11-00A0C91BC942}") = "Cortex_Matlab", "Cortex_Matlab\Cortex_Matlab.vcxproj", "{07F0137D-049B-49E7-A6DF-054943005206}"
EndProject
Project("{8BC9CEB8-8B4A-11D0-8D11-00A0C91BC942}") = "CortexTest", "CortexTest\CortexTest.vcxproj", "{A3F8B9FE-CB3A-4119-8CA5-B94D1F79137A}"
	ProjectSection(ProjectDependencies) = postProject
		{07F0137D-049B-49E7-A6DF-054943005206} = {07F0137D-049B-49E7-A6DF-054943005206}
	EndProjectSection
EndProject
Global
	GlobalSection(SolutionConfigurationPlatforms) = preSolution
		Debug|x64 = Debug|x64
		Debug|x86 = Debug|x86
		Release|x64 = Release|x64
		Release|x86 = Release|x86
	EndGlobalSection
	GlobalSection(ProjectConfigurationPlatforms) = postSolution
		{07F0137D-049B-49E7-A6DF-054943005206}.Debug|x64.ActiveCfg = Debug|x64
		{07F0137D-049B-49E7-A6DF-054943005206}.Debug|x64.Build.0 = Debug|x64
		{07F0137D-049B-49E7-A6DF-054943005206}.Debug|x86.ActiveCfg = Release|x64
		{07F0137D-049B-49E7-A6DF-054943005206}.Debug|x86.Build.0 = Release|x64
		{07F0137D-049B-49E7-A6DF-054943005206}.Release|x64.ActiveCfg = Release|x64
		{07F0137D-049B-49E7-A6DF-054943005206}.Release|x64.Build.0 = Release|x64
		{07F0137D-049B-49E7-A6DF-054943005206}.Release|x86.ActiveCfg = Release|x64
		{07F0137D-049B-49E7-A6DF-054943005206}.Release|x86.Build.0 = Release|x64
		{A3F8B9FE-CB3A-4119-8CA5-B94D1F79137A}.Debug|x64.ActiveCfg = Debug|x64
		{A3F8B9FE-CB3A-4119-8CA5-B94D1F79137A}.Debug|x64.Build.0 = Debug|x64
		{A3F8B9FE-CB3A-4119-8CA5-B94D1F79137A}.Debug|x86.ActiveCfg = Release|x64
		{A3F8B9FE-CB3A-4119-8CA5-B94D1F79137A}.Debug|x86.Build.0 = Release|x64
		{A3F8B9FE-CB3A-4119-8CA5-B94D1F79137A}.Release|x64.ActiveCfg = Release|x64
		{A3F8B9FE-CB3A-4119-8CA5-B94D1F79137A}.Release|x64.Build.0 = Release|x64
		{A3F8B9FE-CB3A-4119-8CA5-B94D1F79137A}.Release|x86.ActiveCfg = Release|x64
		{A3F8B9FE-CB3A-4119-8CA5-B94D1F79137A}.Release|x86.Build.0 = Release|x64
	EndGlobalSection
	GlobalSection(SolutionProperties) = preSolution
		HideSolutionNode = FALSE
	EndGlobalSection
EndGlobal
